
Microsoft Visual Studio Solution File, Format Version 12.00
# Visual Studio Version 17
VisualStudioVersion = 17.13.35919.96 d17.13
MinimumVisualStudioVersion = 10.0.40219.1
Project("{888888A0-9F3D-457C-B088-3A5042F75D52}") = "taxianalyzer", "taxianalyzer\taxianalyzer.pyproj", "{3F7ABEF3-42A9-4B73-8D91-95025F2CA552}"
EndProject
Global
	GlobalSection(SolutionConfigurationPlatforms) = preSolution
		Debug|Any CPU = Debug|Any CPU
		Release|Any CPU = Release|Any CPU
	EndGlobalSection
	GlobalSection(ProjectConfigurationPlatforms) = postSolution
		{3F7ABEF3-42A9-4B73-8D91-95025F2CA552}.Debug|Any CPU.ActiveCfg = Debug|Any CPU
		{3F7ABEF3-42A9-4B73-8D91-95025F2CA552}.Release|Any CPU.ActiveCfg = Release|Any CPU
	EndGlobalSection
	GlobalSection(SolutionProperties) = preSolution
		HideSolutionNode = FALSE
	EndGlobalSection
	GlobalSection(ExtensibilityGlobals) = postSolution
		SolutionGuid = {800A9D3B-AE30-457C-A46E-BF9E02C72A14}
	EndGlobalSection
EndGlobal
